// !$*UTF8*$!
{
	archiveVersion = 1;
	classes = {
	};
	objectVersion = 55;
	objects = {

/* Begin PBXBuildFile section */
		56679F7727457D0A00BCC32E /* DetailProductPresenter.swift in Sources */ = {isa = PBXBuildFile; fileRef = 56679F7127457D0A00BCC32E /* DetailProductPresenter.swift */; };
		56679F7827457D0A00BCC32E /* DetailProductRouter.swift in Sources */ = {isa = PBXBuildFile; fileRef = 56679F7227457D0A00BCC32E /* DetailProductRouter.swift */; };
		56679F7927457D0A00BCC32E /* DetailProductViewController.swift in Sources */ = {isa = PBXBuildFile; fileRef = 56679F7327457D0A00BCC32E /* DetailProductViewController.swift */; };
		56679F7A27457D0A00BCC32E /* DetailProductProtocols.swift in Sources */ = {isa = PBXBuildFile; fileRef = 56679F7427457D0A00BCC32E /* DetailProductProtocols.swift */; };
		56679F7B27457D0A00BCC32E /* DetailProductInteractor.swift in Sources */ = {isa = PBXBuildFile; fileRef = 56679F7527457D0A00BCC32E /* DetailProductInteractor.swift */; };
		56679F7C27457D0A00BCC32E /* DetailProductViewController.xib in Resources */ = {isa = PBXBuildFile; fileRef = 56679F7627457D0A00BCC32E /* DetailProductViewController.xib */; };
		566B34772715D0A7003609A1 /* DetailStorePresenter.swift in Sources */ = {isa = PBXBuildFile; fileRef = 566B34712715D0A7003609A1 /* DetailStorePresenter.swift */; };
		566B34782715D0A7003609A1 /* DetailStoreRouter.swift in Sources */ = {isa = PBXBuildFile; fileRef = 566B34722715D0A7003609A1 /* DetailStoreRouter.swift */; };
		566B34792715D0A7003609A1 /* DetailStoreViewController.swift in Sources */ = {isa = PBXBuildFile; fileRef = 566B34732715D0A7003609A1 /* DetailStoreViewController.swift */; };
		566B347A2715D0A7003609A1 /* DetailStoreProtocols.swift in Sources */ = {isa = PBXBuildFile; fileRef = 566B34742715D0A7003609A1 /* DetailStoreProtocols.swift */; };
		566B347B2715D0A7003609A1 /* DetailStoreInteractor.swift in Sources */ = {isa = PBXBuildFile; fileRef = 566B34752715D0A7003609A1 /* DetailStoreInteractor.swift */; };
		566B347C2715D0A7003609A1 /* DetailStoreViewController.xib in Resources */ = {isa = PBXBuildFile; fileRef = 566B34762715D0A7003609A1 /* DetailStoreViewController.xib */; };
		567CE35B27502FCE004C1551 /* ShopProductsPresenter.swift in Sources */ = {isa = PBXBuildFile; fileRef = 567CE35527502FCE004C1551 /* ShopProductsPresenter.swift */; };
		567CE35C27502FCE004C1551 /* ShopProductsRouter.swift in Sources */ = {isa = PBXBuildFile; fileRef = 567CE35627502FCE004C1551 /* ShopProductsRouter.swift */; };
		567CE35D27502FCE004C1551 /* ShopProductsViewController.swift in Sources */ = {isa = PBXBuildFile; fileRef = 567CE35727502FCE004C1551 /* ShopProductsViewController.swift */; };
		567CE35E27502FCE004C1551 /* ShopProductsProtocols.swift in Sources */ = {isa = PBXBuildFile; fileRef = 567CE35827502FCE004C1551 /* ShopProductsProtocols.swift */; };
		567CE35F27502FCE004C1551 /* ShopProductsInteractor.swift in Sources */ = {isa = PBXBuildFile; fileRef = 567CE35927502FCE004C1551 /* ShopProductsInteractor.swift */; };
		567CE36027502FCE004C1551 /* ShopProductsViewController.xib in Resources */ = {isa = PBXBuildFile; fileRef = 567CE35A27502FCE004C1551 /* ShopProductsViewController.xib */; };
		568610CE27149A530018BFA1 /* products.swift in Sources */ = {isa = PBXBuildFile; fileRef = 568610CC27149A530018BFA1 /* products.swift */; };
		568610CF27149A530018BFA1 /* products.xib in Resources */ = {isa = PBXBuildFile; fileRef = 568610CD27149A530018BFA1 /* products.xib */; };
		668CF81476C4324F72FDB76A /* Pods_Merk2.framework in Frameworks */ = {isa = PBXBuildFile; fileRef = D421F867DF600E2988CBC133 /* Pods_Merk2.framework */; };
		B824AB39271758D600258362 /* TabBarHome.swift in Sources */ = {isa = PBXBuildFile; fileRef = B824AB38271758D600258362 /* TabBarHome.swift */; };
		B824AB412717590500258362 /* ProfilePresenter.swift in Sources */ = {isa = PBXBuildFile; fileRef = B824AB3B2717590500258362 /* ProfilePresenter.swift */; };
		B824AB422717590500258362 /* ProfileRouter.swift in Sources */ = {isa = PBXBuildFile; fileRef = B824AB3C2717590500258362 /* ProfileRouter.swift */; };
		B824AB432717590500258362 /* ProfileViewController.swift in Sources */ = {isa = PBXBuildFile; fileRef = B824AB3D2717590500258362 /* ProfileViewController.swift */; };
		B824AB442717590500258362 /* ProfileProtocols.swift in Sources */ = {isa = PBXBuildFile; fileRef = B824AB3E2717590500258362 /* ProfileProtocols.swift */; };
		B824AB452717590500258362 /* ProfileInteractor.swift in Sources */ = {isa = PBXBuildFile; fileRef = B824AB3F2717590500258362 /* ProfileInteractor.swift */; };
		B824AB462717590500258362 /* ProfileViewController.xib in Resources */ = {isa = PBXBuildFile; fileRef = B824AB402717590500258362 /* ProfileViewController.xib */; };
		B824AB4E27175BBA00258362 /* SearchPresenter.swift in Sources */ = {isa = PBXBuildFile; fileRef = B824AB4827175BBA00258362 /* SearchPresenter.swift */; };
		B824AB4F27175BBA00258362 /* SearchRouter.swift in Sources */ = {isa = PBXBuildFile; fileRef = B824AB4927175BBA00258362 /* SearchRouter.swift */; };
		B824AB5027175BBA00258362 /* SearchViewController.swift in Sources */ = {isa = PBXBuildFile; fileRef = B824AB4A27175BBA00258362 /* SearchViewController.swift */; };
		B824AB5127175BBA00258362 /* SearchProtocols.swift in Sources */ = {isa = PBXBuildFile; fileRef = B824AB4B27175BBA00258362 /* SearchProtocols.swift */; };
		B824AB5227175BBA00258362 /* SearchInteractor.swift in Sources */ = {isa = PBXBuildFile; fileRef = B824AB4C27175BBA00258362 /* SearchInteractor.swift */; };
		B824AB5327175BBA00258362 /* SearchViewController.xib in Resources */ = {isa = PBXBuildFile; fileRef = B824AB4D27175BBA00258362 /* SearchViewController.xib */; };
		B843A943270F3C7A00A08664 /* RegisterPresenter.swift in Sources */ = {isa = PBXBuildFile; fileRef = B843A93D270F3C7A00A08664 /* RegisterPresenter.swift */; };
		B843A944270F3C7A00A08664 /* RegisterRouter.swift in Sources */ = {isa = PBXBuildFile; fileRef = B843A93E270F3C7A00A08664 /* RegisterRouter.swift */; };
		B843A945270F3C7A00A08664 /* RegisterViewController.swift in Sources */ = {isa = PBXBuildFile; fileRef = B843A93F270F3C7A00A08664 /* RegisterViewController.swift */; };
		B843A946270F3C7A00A08664 /* RegisterProtocols.swift in Sources */ = {isa = PBXBuildFile; fileRef = B843A940270F3C7A00A08664 /* RegisterProtocols.swift */; };
		B843A947270F3C7A00A08664 /* RegisterInteractor.swift in Sources */ = {isa = PBXBuildFile; fileRef = B843A941270F3C7A00A08664 /* RegisterInteractor.swift */; };
		B843A948270F3C7A00A08664 /* RegisterViewController.xib in Resources */ = {isa = PBXBuildFile; fileRef = B843A942270F3C7A00A08664 /* RegisterViewController.xib */; };
		B8668D9D270FAE1500E3C9A8 /* HomeProductsPresenter.swift in Sources */ = {isa = PBXBuildFile; fileRef = B8668D97270FAE1500E3C9A8 /* HomeProductsPresenter.swift */; };
		B8668D9E270FAE1500E3C9A8 /* HomeProductsRouter.swift in Sources */ = {isa = PBXBuildFile; fileRef = B8668D98270FAE1500E3C9A8 /* HomeProductsRouter.swift */; };
		B8668D9F270FAE1500E3C9A8 /* HomeProductsViewController.swift in Sources */ = {isa = PBXBuildFile; fileRef = B8668D99270FAE1500E3C9A8 /* HomeProductsViewController.swift */; };
		B8668DA0270FAE1500E3C9A8 /* HomeProductsProtocols.swift in Sources */ = {isa = PBXBuildFile; fileRef = B8668D9A270FAE1500E3C9A8 /* HomeProductsProtocols.swift */; };
		B8668DA1270FAE1500E3C9A8 /* HomeProductsInteractor.swift in Sources */ = {isa = PBXBuildFile; fileRef = B8668D9B270FAE1500E3C9A8 /* HomeProductsInteractor.swift */; };
		B8668DA2270FAE1500E3C9A8 /* HomeProductsViewController.xib in Resources */ = {isa = PBXBuildFile; fileRef = B8668D9C270FAE1500E3C9A8 /* HomeProductsViewController.xib */; };
		B8A490A0270E090A0052AC61 /* AppDelegate.swift in Sources */ = {isa = PBXBuildFile; fileRef = B8A4909F270E090A0052AC61 /* AppDelegate.swift */; };
		B8A490A7270E090A0052AC61 /* Main.storyboard in Resources */ = {isa = PBXBuildFile; fileRef = B8A490A5270E090A0052AC61 /* Main.storyboard */; };
		B8A490A9270E09110052AC61 /* Assets.xcassets in Resources */ = {isa = PBXBuildFile; fileRef = B8A490A8270E09110052AC61 /* Assets.xcassets */; };
		B8A490AC270E09110052AC61 /* LaunchScreen.storyboard in Resources */ = {isa = PBXBuildFile; fileRef = B8A490AA270E09110052AC61 /* LaunchScreen.storyboard */; };
		B8D682D2270E1097005E7630 /* LaunchPresenter.swift in Sources */ = {isa = PBXBuildFile; fileRef = B8D682CC270E1097005E7630 /* LaunchPresenter.swift */; };
		B8D682D3270E1097005E7630 /* LaunchRouter.swift in Sources */ = {isa = PBXBuildFile; fileRef = B8D682CD270E1097005E7630 /* LaunchRouter.swift */; };
		B8D682D4270E1097005E7630 /* LaunchViewController.swift in Sources */ = {isa = PBXBuildFile; fileRef = B8D682CE270E1097005E7630 /* LaunchViewController.swift */; };
		B8D682D5270E1097005E7630 /* LaunchProtocols.swift in Sources */ = {isa = PBXBuildFile; fileRef = B8D682CF270E1097005E7630 /* LaunchProtocols.swift */; };
		B8D682D6270E1097005E7630 /* LaunchInteractor.swift in Sources */ = {isa = PBXBuildFile; fileRef = B8D682D0270E1097005E7630 /* LaunchInteractor.swift */; };
		B8D682D7270E1097005E7630 /* LaunchViewController.xib in Resources */ = {isa = PBXBuildFile; fileRef = B8D682D1270E1097005E7630 /* LaunchViewController.xib */; };
		B8D682DF270E1305005E7630 /* LoginPresenter.swift in Sources */ = {isa = PBXBuildFile; fileRef = B8D682D9270E1305005E7630 /* LoginPresenter.swift */; };
		B8D682E0270E1305005E7630 /* LoginRouter.swift in Sources */ = {isa = PBXBuildFile; fileRef = B8D682DA270E1305005E7630 /* LoginRouter.swift */; };
		B8D682E1270E1305005E7630 /* LoginViewController.swift in Sources */ = {isa = PBXBuildFile; fileRef = B8D682DB270E1305005E7630 /* LoginViewController.swift */; };
		B8D682E2270E1305005E7630 /* LoginProtocols.swift in Sources */ = {isa = PBXBuildFile; fileRef = B8D682DC270E1305005E7630 /* LoginProtocols.swift */; };
		B8D682E3270E1305005E7630 /* LoginInteractor.swift in Sources */ = {isa = PBXBuildFile; fileRef = B8D682DD270E1305005E7630 /* LoginInteractor.swift */; };
		B8D682E4270E1305005E7630 /* LoginViewController.xib in Resources */ = {isa = PBXBuildFile; fileRef = B8D682DE270E1305005E7630 /* LoginViewController.xib */; };
		B8D682E7270E1709005E7630 /* Services.swift in Sources */ = {isa = PBXBuildFile; fileRef = B8D682E6270E1709005E7630 /* Services.swift */; };
		B8D682EA270E277B005E7630 /* Models.swift in Sources */ = {isa = PBXBuildFile; fileRef = B8D682E9270E277B005E7630 /* Models.swift */; };
/* End PBXBuildFile section */

/* Begin PBXFileReference section */
		48C1F78A196022FA7E3B3DAC /* Pods-Merk2.release.xcconfig */ = {isa = PBXFileReference; includeInIndex = 1; lastKnownFileType = text.xcconfig; name = "Pods-Merk2.release.xcconfig"; path = "Target Support Files/Pods-Merk2/Pods-Merk2.release.xcconfig"; sourceTree = "<group>"; };
		56679F7127457D0A00BCC32E /* DetailProductPresenter.swift */ = {isa = PBXFileReference; lastKnownFileType = sourcecode.swift; path = DetailProductPresenter.swift; sourceTree = "<group>"; };
		56679F7227457D0A00BCC32E /* DetailProductRouter.swift */ = {isa = PBXFileReference; lastKnownFileType = sourcecode.swift; path = DetailProductRouter.swift; sourceTree = "<group>"; };
		56679F7327457D0A00BCC32E /* DetailProductViewController.swift */ = {isa = PBXFileReference; lastKnownFileType = sourcecode.swift; path = DetailProductViewController.swift; sourceTree = "<group>"; };
		56679F7427457D0A00BCC32E /* DetailProductProtocols.swift */ = {isa = PBXFileReference; lastKnownFileType = sourcecode.swift; path = DetailProductProtocols.swift; sourceTree = "<group>"; };
		56679F7527457D0A00BCC32E /* DetailProductInteractor.swift */ = {isa = PBXFileReference; lastKnownFileType = sourcecode.swift; path = DetailProductInteractor.swift; sourceTree = "<group>"; };
		56679F7627457D0A00BCC32E /* DetailProductViewController.xib */ = {isa = PBXFileReference; lastKnownFileType = file.xib; path = DetailProductViewController.xib; sourceTree = "<group>"; };
		566B34712715D0A7003609A1 /* DetailStorePresenter.swift */ = {isa = PBXFileReference; lastKnownFileType = sourcecode.swift; path = DetailStorePresenter.swift; sourceTree = "<group>"; };
		566B34722715D0A7003609A1 /* DetailStoreRouter.swift */ = {isa = PBXFileReference; lastKnownFileType = sourcecode.swift; path = DetailStoreRouter.swift; sourceTree = "<group>"; };
		566B34732715D0A7003609A1 /* DetailStoreViewController.swift */ = {isa = PBXFileReference; lastKnownFileType = sourcecode.swift; path = DetailStoreViewController.swift; sourceTree = "<group>"; };
		566B34742715D0A7003609A1 /* DetailStoreProtocols.swift */ = {isa = PBXFileReference; lastKnownFileType = sourcecode.swift; path = DetailStoreProtocols.swift; sourceTree = "<group>"; };
		566B34752715D0A7003609A1 /* DetailStoreInteractor.swift */ = {isa = PBXFileReference; lastKnownFileType = sourcecode.swift; path = DetailStoreInteractor.swift; sourceTree = "<group>"; };
		566B34762715D0A7003609A1 /* DetailStoreViewController.xib */ = {isa = PBXFileReference; lastKnownFileType = file.xib; path = DetailStoreViewController.xib; sourceTree = "<group>"; };
		567CE35527502FCE004C1551 /* ShopProductsPresenter.swift */ = {isa = PBXFileReference; lastKnownFileType = sourcecode.swift; path = ShopProductsPresenter.swift; sourceTree = "<group>"; };
		567CE35627502FCE004C1551 /* ShopProductsRouter.swift */ = {isa = PBXFileReference; lastKnownFileType = sourcecode.swift; path = ShopProductsRouter.swift; sourceTree = "<group>"; };
		567CE35727502FCE004C1551 /* ShopProductsViewController.swift */ = {isa = PBXFileReference; lastKnownFileType = sourcecode.swift; path = ShopProductsViewController.swift; sourceTree = "<group>"; };
		567CE35827502FCE004C1551 /* ShopProductsProtocols.swift */ = {isa = PBXFileReference; lastKnownFileType = sourcecode.swift; path = ShopProductsProtocols.swift; sourceTree = "<group>"; };
		567CE35927502FCE004C1551 /* ShopProductsInteractor.swift */ = {isa = PBXFileReference; lastKnownFileType = sourcecode.swift; path = ShopProductsInteractor.swift; sourceTree = "<group>"; };
		567CE35A27502FCE004C1551 /* ShopProductsViewController.xib */ = {isa = PBXFileReference; lastKnownFileType = file.xib; path = ShopProductsViewController.xib; sourceTree = "<group>"; };
		568610CC27149A530018BFA1 /* products.swift */ = {isa = PBXFileReference; lastKnownFileType = sourcecode.swift; path = products.swift; sourceTree = "<group>"; };
		568610CD27149A530018BFA1 /* products.xib */ = {isa = PBXFileReference; lastKnownFileType = file.xib; path = products.xib; sourceTree = "<group>"; };
		B824AB38271758D600258362 /* TabBarHome.swift */ = {isa = PBXFileReference; lastKnownFileType = sourcecode.swift; path = TabBarHome.swift; sourceTree = "<group>"; };
		B824AB3B2717590500258362 /* ProfilePresenter.swift */ = {isa = PBXFileReference; lastKnownFileType = sourcecode.swift; path = ProfilePresenter.swift; sourceTree = "<group>"; };
		B824AB3C2717590500258362 /* ProfileRouter.swift */ = {isa = PBXFileReference; lastKnownFileType = sourcecode.swift; path = ProfileRouter.swift; sourceTree = "<group>"; };
		B824AB3D2717590500258362 /* ProfileViewController.swift */ = {isa = PBXFileReference; lastKnownFileType = sourcecode.swift; path = ProfileViewController.swift; sourceTree = "<group>"; };
		B824AB3E2717590500258362 /* ProfileProtocols.swift */ = {isa = PBXFileReference; lastKnownFileType = sourcecode.swift; path = ProfileProtocols.swift; sourceTree = "<group>"; };
		B824AB3F2717590500258362 /* ProfileInteractor.swift */ = {isa = PBXFileReference; lastKnownFileType = sourcecode.swift; path = ProfileInteractor.swift; sourceTree = "<group>"; };
		B824AB402717590500258362 /* ProfileViewController.xib */ = {isa = PBXFileReference; lastKnownFileType = file.xib; path = ProfileViewController.xib; sourceTree = "<group>"; };
		B824AB4827175BBA00258362 /* SearchPresenter.swift */ = {isa = PBXFileReference; lastKnownFileType = sourcecode.swift; path = SearchPresenter.swift; sourceTree = "<group>"; };
		B824AB4927175BBA00258362 /* SearchRouter.swift */ = {isa = PBXFileReference; lastKnownFileType = sourcecode.swift; path = SearchRouter.swift; sourceTree = "<group>"; };
		B824AB4A27175BBA00258362 /* SearchViewController.swift */ = {isa = PBXFileReference; lastKnownFileType = sourcecode.swift; path = SearchViewController.swift; sourceTree = "<group>"; };
		B824AB4B27175BBA00258362 /* SearchProtocols.swift */ = {isa = PBXFileReference; lastKnownFileType = sourcecode.swift; path = SearchProtocols.swift; sourceTree = "<group>"; };
		B824AB4C27175BBA00258362 /* SearchInteractor.swift */ = {isa = PBXFileReference; lastKnownFileType = sourcecode.swift; path = SearchInteractor.swift; sourceTree = "<group>"; };
		B824AB4D27175BBA00258362 /* SearchViewController.xib */ = {isa = PBXFileReference; lastKnownFileType = file.xib; path = SearchViewController.xib; sourceTree = "<group>"; };
		B843A93D270F3C7A00A08664 /* RegisterPresenter.swift */ = {isa = PBXFileReference; lastKnownFileType = sourcecode.swift; path = RegisterPresenter.swift; sourceTree = "<group>"; };
		B843A93E270F3C7A00A08664 /* RegisterRouter.swift */ = {isa = PBXFileReference; lastKnownFileType = sourcecode.swift; path = RegisterRouter.swift; sourceTree = "<group>"; };
		B843A93F270F3C7A00A08664 /* RegisterViewController.swift */ = {isa = PBXFileReference; lastKnownFileType = sourcecode.swift; path = RegisterViewController.swift; sourceTree = "<group>"; };
		B843A940270F3C7A00A08664 /* RegisterProtocols.swift */ = {isa = PBXFileReference; lastKnownFileType = sourcecode.swift; path = RegisterProtocols.swift; sourceTree = "<group>"; };
		B843A941270F3C7A00A08664 /* RegisterInteractor.swift */ = {isa = PBXFileReference; lastKnownFileType = sourcecode.swift; path = RegisterInteractor.swift; sourceTree = "<group>"; };
		B843A942270F3C7A00A08664 /* RegisterViewController.xib */ = {isa = PBXFileReference; lastKnownFileType = file.xib; path = RegisterViewController.xib; sourceTree = "<group>"; };
		B8668D97270FAE1500E3C9A8 /* HomeProductsPresenter.swift */ = {isa = PBXFileReference; lastKnownFileType = sourcecode.swift; path = HomeProductsPresenter.swift; sourceTree = "<group>"; };
		B8668D98270FAE1500E3C9A8 /* HomeProductsRouter.swift */ = {isa = PBXFileReference; lastKnownFileType = sourcecode.swift; path = HomeProductsRouter.swift; sourceTree = "<group>"; };
		B8668D99270FAE1500E3C9A8 /* HomeProductsViewController.swift */ = {isa = PBXFileReference; lastKnownFileType = sourcecode.swift; path = HomeProductsViewController.swift; sourceTree = "<group>"; };
		B8668D9A270FAE1500E3C9A8 /* HomeProductsProtocols.swift */ = {isa = PBXFileReference; lastKnownFileType = sourcecode.swift; path = HomeProductsProtocols.swift; sourceTree = "<group>"; };
		B8668D9B270FAE1500E3C9A8 /* HomeProductsInteractor.swift */ = {isa = PBXFileReference; lastKnownFileType = sourcecode.swift; path = HomeProductsInteractor.swift; sourceTree = "<group>"; };
		B8668D9C270FAE1500E3C9A8 /* HomeProductsViewController.xib */ = {isa = PBXFileReference; lastKnownFileType = file.xib; path = HomeProductsViewController.xib; sourceTree = "<group>"; };
		B8A4909C270E090A0052AC61 /* Merk2.app */ = {isa = PBXFileReference; explicitFileType = wrapper.application; includeInIndex = 0; path = Merk2.app; sourceTree = BUILT_PRODUCTS_DIR; };
		B8A4909F270E090A0052AC61 /* AppDelegate.swift */ = {isa = PBXFileReference; lastKnownFileType = sourcecode.swift; path = AppDelegate.swift; sourceTree = "<group>"; };
		B8A490A6270E090A0052AC61 /* Base */ = {isa = PBXFileReference; lastKnownFileType = file.storyboard; name = Base; path = Base.lproj/Main.storyboard; sourceTree = "<group>"; };
		B8A490A8270E09110052AC61 /* Assets.xcassets */ = {isa = PBXFileReference; lastKnownFileType = folder.assetcatalog; path = Assets.xcassets; sourceTree = "<group>"; };
		B8A490AB270E09110052AC61 /* Base */ = {isa = PBXFileReference; lastKnownFileType = file.storyboard; name = Base; path = Base.lproj/LaunchScreen.storyboard; sourceTree = "<group>"; };
		B8A490AD270E09110052AC61 /* Info.plist */ = {isa = PBXFileReference; lastKnownFileType = text.plist.xml; path = Info.plist; sourceTree = "<group>"; };
		B8D682CC270E1097005E7630 /* LaunchPresenter.swift */ = {isa = PBXFileReference; lastKnownFileType = sourcecode.swift; path = LaunchPresenter.swift; sourceTree = "<group>"; };
		B8D682CD270E1097005E7630 /* LaunchRouter.swift */ = {isa = PBXFileReference; lastKnownFileType = sourcecode.swift; path = LaunchRouter.swift; sourceTree = "<group>"; };
		B8D682CE270E1097005E7630 /* LaunchViewController.swift */ = {isa = PBXFileReference; lastKnownFileType = sourcecode.swift; path = LaunchViewController.swift; sourceTree = "<group>"; };
		B8D682CF270E1097005E7630 /* LaunchProtocols.swift */ = {isa = PBXFileReference; lastKnownFileType = sourcecode.swift; path = LaunchProtocols.swift; sourceTree = "<group>"; };
		B8D682D0270E1097005E7630 /* LaunchInteractor.swift */ = {isa = PBXFileReference; lastKnownFileType = sourcecode.swift; path = LaunchInteractor.swift; sourceTree = "<group>"; };
		B8D682D1270E1097005E7630 /* LaunchViewController.xib */ = {isa = PBXFileReference; lastKnownFileType = file.xib; path = LaunchViewController.xib; sourceTree = "<group>"; };
		B8D682D9270E1305005E7630 /* LoginPresenter.swift */ = {isa = PBXFileReference; lastKnownFileType = sourcecode.swift; path = LoginPresenter.swift; sourceTree = "<group>"; };
		B8D682DA270E1305005E7630 /* LoginRouter.swift */ = {isa = PBXFileReference; lastKnownFileType = sourcecode.swift; path = LoginRouter.swift; sourceTree = "<group>"; };
		B8D682DB270E1305005E7630 /* LoginViewController.swift */ = {isa = PBXFileReference; lastKnownFileType = sourcecode.swift; path = LoginViewController.swift; sourceTree = "<group>"; };
		B8D682DC270E1305005E7630 /* LoginProtocols.swift */ = {isa = PBXFileReference; lastKnownFileType = sourcecode.swift; path = LoginProtocols.swift; sourceTree = "<group>"; };
		B8D682DD270E1305005E7630 /* LoginInteractor.swift */ = {isa = PBXFileReference; lastKnownFileType = sourcecode.swift; path = LoginInteractor.swift; sourceTree = "<group>"; };
		B8D682DE270E1305005E7630 /* LoginViewController.xib */ = {isa = PBXFileReference; lastKnownFileType = file.xib; path = LoginViewController.xib; sourceTree = "<group>"; };
		B8D682E6270E1709005E7630 /* Services.swift */ = {isa = PBXFileReference; lastKnownFileType = sourcecode.swift; path = Services.swift; sourceTree = "<group>"; };
		B8D682E9270E277B005E7630 /* Models.swift */ = {isa = PBXFileReference; lastKnownFileType = sourcecode.swift; path = Models.swift; sourceTree = "<group>"; };
		D421F867DF600E2988CBC133 /* Pods_Merk2.framework */ = {isa = PBXFileReference; explicitFileType = wrapper.framework; includeInIndex = 0; path = Pods_Merk2.framework; sourceTree = BUILT_PRODUCTS_DIR; };
		ED6863EBDA3DE0F3F2A21D8F /* Pods-Merk2.debug.xcconfig */ = {isa = PBXFileReference; includeInIndex = 1; lastKnownFileType = text.xcconfig; name = "Pods-Merk2.debug.xcconfig"; path = "Target Support Files/Pods-Merk2/Pods-Merk2.debug.xcconfig"; sourceTree = "<group>"; };
/* End PBXFileReference section */

/* Begin PBXFrameworksBuildPhase section */
		B8A49099270E090A0052AC61 /* Frameworks */ = {
			isa = PBXFrameworksBuildPhase;
			buildActionMask = 2147483647;
			files = (
				668CF81476C4324F72FDB76A /* Pods_Merk2.framework in Frameworks */,
			);
			runOnlyForDeploymentPostprocessing = 0;
		};
/* End PBXFrameworksBuildPhase section */

/* Begin PBXGroup section */
		0FEED1EAE8A627C6297EC58F /* Frameworks */ = {
			isa = PBXGroup;
			children = (
				D421F867DF600E2988CBC133 /* Pods_Merk2.framework */,
			);
			name = Frameworks;
			sourceTree = "<group>";
		};
		56679F7027457C6B00BCC32E /* DetailProduct */ = {
			isa = PBXGroup;
			children = (
				56679F7127457D0A00BCC32E /* DetailProductPresenter.swift */,
				56679F7227457D0A00BCC32E /* DetailProductRouter.swift */,
				56679F7327457D0A00BCC32E /* DetailProductViewController.swift */,
				56679F7427457D0A00BCC32E /* DetailProductProtocols.swift */,
				56679F7527457D0A00BCC32E /* DetailProductInteractor.swift */,
				56679F7627457D0A00BCC32E /* DetailProductViewController.xib */,
			);
			path = DetailProduct;
			sourceTree = "<group>";
		};
		566B34702715D055003609A1 /* DetailStore */ = {
			isa = PBXGroup;
			children = (
				566B34712715D0A7003609A1 /* DetailStorePresenter.swift */,
				566B34722715D0A7003609A1 /* DetailStoreRouter.swift */,
				566B34732715D0A7003609A1 /* DetailStoreViewController.swift */,
				566B34742715D0A7003609A1 /* DetailStoreProtocols.swift */,
				566B34752715D0A7003609A1 /* DetailStoreInteractor.swift */,
				566B34762715D0A7003609A1 /* DetailStoreViewController.xib */,
			);
			path = DetailStore;
			sourceTree = "<group>";
		};
		567CE35427502F96004C1551 /* ShopProducts */ = {
			isa = PBXGroup;
			children = (
				567CE35527502FCE004C1551 /* ShopProductsPresenter.swift */,
				567CE35627502FCE004C1551 /* ShopProductsRouter.swift */,
				567CE35727502FCE004C1551 /* ShopProductsViewController.swift */,
				567CE35827502FCE004C1551 /* ShopProductsProtocols.swift */,
				567CE35927502FCE004C1551 /* ShopProductsInteractor.swift */,
				567CE35A27502FCE004C1551 /* ShopProductsViewController.xib */,
			);
			path = ShopProducts;
			sourceTree = "<group>";
		};
		568610C727147FEF0018BFA1 /* Cells */ = {
			isa = PBXGroup;
			children = (
				568610CC27149A530018BFA1 /* products.swift */,
				568610CD27149A530018BFA1 /* products.xib */,
			);
			path = Cells;
			sourceTree = "<group>";
		};
		8C5D79AB3C83C0A667146BFC /* Pods */ = {
			isa = PBXGroup;
			children = (
				ED6863EBDA3DE0F3F2A21D8F /* Pods-Merk2.debug.xcconfig */,
				48C1F78A196022FA7E3B3DAC /* Pods-Merk2.release.xcconfig */,
			);
			path = Pods;
			sourceTree = "<group>";
		};
		B824AB37271758AE00258362 /* TabBarHome */ = {
			isa = PBXGroup;
			children = (
				B824AB38271758D600258362 /* TabBarHome.swift */,
			);
			path = TabBarHome;
			sourceTree = "<group>";
		};
		B824AB3A271758F100258362 /* Profile */ = {
			isa = PBXGroup;
			children = (
				B824AB3B2717590500258362 /* ProfilePresenter.swift */,
				B824AB3C2717590500258362 /* ProfileRouter.swift */,
				B824AB3D2717590500258362 /* ProfileViewController.swift */,
				B824AB3E2717590500258362 /* ProfileProtocols.swift */,
				B824AB3F2717590500258362 /* ProfileInteractor.swift */,
				B824AB402717590500258362 /* ProfileViewController.xib */,
			);
			path = Profile;
			sourceTree = "<group>";
		};
		B824AB4727175BAC00258362 /* Search */ = {
			isa = PBXGroup;
			children = (
				B824AB4827175BBA00258362 /* SearchPresenter.swift */,
				B824AB4927175BBA00258362 /* SearchRouter.swift */,
				B824AB4A27175BBA00258362 /* SearchViewController.swift */,
				B824AB4B27175BBA00258362 /* SearchProtocols.swift */,
				B824AB4C27175BBA00258362 /* SearchInteractor.swift */,
				B824AB4D27175BBA00258362 /* SearchViewController.xib */,
			);
			path = Search;
			sourceTree = "<group>";
		};
		B843A93C270F3C6000A08664 /* Register */ = {
			isa = PBXGroup;
			children = (
				B843A93D270F3C7A00A08664 /* RegisterPresenter.swift */,
				B843A93E270F3C7A00A08664 /* RegisterRouter.swift */,
				B843A93F270F3C7A00A08664 /* RegisterViewController.swift */,
				B843A940270F3C7A00A08664 /* RegisterProtocols.swift */,
				B843A941270F3C7A00A08664 /* RegisterInteractor.swift */,
				B843A942270F3C7A00A08664 /* RegisterViewController.xib */,
			);
			path = Register;
			sourceTree = "<group>";
		};
		B8668D96270FADF500E3C9A8 /* HomeProducts */ = {
			isa = PBXGroup;
			children = (
				B8668D97270FAE1500E3C9A8 /* HomeProductsPresenter.swift */,
				B8668D98270FAE1500E3C9A8 /* HomeProductsRouter.swift */,
				B8668D99270FAE1500E3C9A8 /* HomeProductsViewController.swift */,
				B8668D9A270FAE1500E3C9A8 /* HomeProductsProtocols.swift */,
				B8668D9B270FAE1500E3C9A8 /* HomeProductsInteractor.swift */,
				B8668D9C270FAE1500E3C9A8 /* HomeProductsViewController.xib */,
			);
			path = HomeProducts;
			sourceTree = "<group>";
		};
		B8A49093270E09090052AC61 = {
			isa = PBXGroup;
			children = (
				B8A4909E270E090A0052AC61 /* Merk2 */,
				B8A4909D270E090A0052AC61 /* Products */,
				8C5D79AB3C83C0A667146BFC /* Pods */,
				0FEED1EAE8A627C6297EC58F /* Frameworks */,
			);
			sourceTree = "<group>";
		};
		B8A4909D270E090A0052AC61 /* Products */ = {
			isa = PBXGroup;
			children = (
				B8A4909C270E090A0052AC61 /* Merk2.app */,
			);
			name = Products;
			sourceTree = "<group>";
		};
		B8A4909E270E090A0052AC61 /* Merk2 */ = {
			isa = PBXGroup;
			children = (
				567CE35427502F96004C1551 /* ShopProducts */,
				566B34702715D055003609A1 /* DetailStore */,
				56679F7027457C6B00BCC32E /* DetailProduct */,
				B8668D96270FADF500E3C9A8 /* HomeProducts */,
				B824AB4727175BAC00258362 /* Search */,
				B824AB3A271758F100258362 /* Profile */,
				B824AB37271758AE00258362 /* TabBarHome */,
				568610C727147FEF0018BFA1 /* Cells */,
				B843A93C270F3C6000A08664 /* Register */,
				B8D682E5270E16F5005E7630 /* Utils */,
				B8D682D8270E12EC005E7630 /* LoginView */,
				B8D682BF270E1066005E7630 /* LaunchView */,
				B8A4909F270E090A0052AC61 /* AppDelegate.swift */,
				B8A490A5270E090A0052AC61 /* Main.storyboard */,
				B8A490A8270E09110052AC61 /* Assets.xcassets */,
				B8A490AA270E09110052AC61 /* LaunchScreen.storyboard */,
				B8A490AD270E09110052AC61 /* Info.plist */,
			);
			path = Merk2;
			sourceTree = "<group>";
		};
		B8D682BF270E1066005E7630 /* LaunchView */ = {
			isa = PBXGroup;
			children = (
				B8D682CC270E1097005E7630 /* LaunchPresenter.swift */,
				B8D682CD270E1097005E7630 /* LaunchRouter.swift */,
				B8D682CE270E1097005E7630 /* LaunchViewController.swift */,
				B8D682CF270E1097005E7630 /* LaunchProtocols.swift */,
				B8D682D0270E1097005E7630 /* LaunchInteractor.swift */,
				B8D682D1270E1097005E7630 /* LaunchViewController.xib */,
			);
			path = LaunchView;
			sourceTree = "<group>";
		};
		B8D682D8270E12EC005E7630 /* LoginView */ = {
			isa = PBXGroup;
			children = (
				B8D682D9270E1305005E7630 /* LoginPresenter.swift */,
				B8D682DA270E1305005E7630 /* LoginRouter.swift */,
				B8D682DB270E1305005E7630 /* LoginViewController.swift */,
				B8D682DC270E1305005E7630 /* LoginProtocols.swift */,
				B8D682DD270E1305005E7630 /* LoginInteractor.swift */,
				B8D682DE270E1305005E7630 /* LoginViewController.xib */,
			);
			path = LoginView;
			sourceTree = "<group>";
		};
		B8D682E5270E16F5005E7630 /* Utils */ = {
			isa = PBXGroup;
			children = (
				B8D682E6270E1709005E7630 /* Services.swift */,
				B8D682E9270E277B005E7630 /* Models.swift */,
			);
			path = Utils;
			sourceTree = "<group>";
		};
/* End PBXGroup section */

/* Begin PBXNativeTarget section */
		B8A4909B270E090A0052AC61 /* Merk2 */ = {
			isa = PBXNativeTarget;
			buildConfigurationList = B8A490B0270E09110052AC61 /* Build configuration list for PBXNativeTarget "Merk2" */;
			buildPhases = (
				84D4ADDEF5C06FFDAC3D3076 /* [CP] Check Pods Manifest.lock */,
				B8A49098270E090A0052AC61 /* Sources */,
				B8A49099270E090A0052AC61 /* Frameworks */,
				B8A4909A270E090A0052AC61 /* Resources */,
				F8AB2C9C095988895A76FE82 /* [CP] Embed Pods Frameworks */,
			);
			buildRules = (
			);
			dependencies = (
			);
			name = Merk2;
			productName = Merk2;
			productReference = B8A4909C270E090A0052AC61 /* Merk2.app */;
			productType = "com.apple.product-type.application";
		};
/* End PBXNativeTarget section */

/* Begin PBXProject section */
		B8A49094270E09090052AC61 /* Project object */ = {
			isa = PBXProject;
			attributes = {
				BuildIndependentTargetsInParallel = 1;
				LastSwiftUpdateCheck = 1300;
				LastUpgradeCheck = 1300;
				TargetAttributes = {
					B8A4909B270E090A0052AC61 = {
						CreatedOnToolsVersion = 13.0;
					};
				};
			};
			buildConfigurationList = B8A49097270E09090052AC61 /* Build configuration list for PBXProject "Merk2" */;
			compatibilityVersion = "Xcode 13.0";
			developmentRegion = en;
			hasScannedForEncodings = 0;
			knownRegions = (
				en,
				Base,
			);
			mainGroup = B8A49093270E09090052AC61;
			productRefGroup = B8A4909D270E090A0052AC61 /* Products */;
			projectDirPath = "";
			projectRoot = "";
			targets = (
				B8A4909B270E090A0052AC61 /* Merk2 */,
			);
		};
/* End PBXProject section */

/* Begin PBXResourcesBuildPhase section */
		B8A4909A270E090A0052AC61 /* Resources */ = {
			isa = PBXResourcesBuildPhase;
			buildActionMask = 2147483647;
			files = (
				B8D682E4270E1305005E7630 /* LoginViewController.xib in Resources */,
				568610CF27149A530018BFA1 /* products.xib in Resources */,
				B8A490AC270E09110052AC61 /* LaunchScreen.storyboard in Resources */,
				56679F7C27457D0A00BCC32E /* DetailProductViewController.xib in Resources */,
				566B347C2715D0A7003609A1 /* DetailStoreViewController.xib in Resources */,
				567CE36027502FCE004C1551 /* ShopProductsViewController.xib in Resources */,
				B8A490A9270E09110052AC61 /* Assets.xcassets in Resources */,
				B8A490A7270E090A0052AC61 /* Main.storyboard in Resources */,
				B8668DA2270FAE1500E3C9A8 /* HomeProductsViewController.xib in Resources */,
				B824AB5327175BBA00258362 /* SearchViewController.xib in Resources */,
				B8D682D7270E1097005E7630 /* LaunchViewController.xib in Resources */,
				B824AB462717590500258362 /* ProfileViewController.xib in Resources */,
				B843A948270F3C7A00A08664 /* RegisterViewController.xib in Resources */,
			);
			runOnlyForDeploymentPostprocessing = 0;
		};
/* End PBXResourcesBuildPhase section */

/* Begin PBXShellScriptBuildPhase section */
		84D4ADDEF5C06FFDAC3D3076 /* [CP] Check Pods Manifest.lock */ = {
			isa = PBXShellScriptBuildPhase;
			buildActionMask = 2147483647;
			files = (
			);
			inputFileListPaths = (
			);
			inputPaths = (
				"${PODS_PODFILE_DIR_PATH}/Podfile.lock",
				"${PODS_ROOT}/Manifest.lock",
			);
			name = "[CP] Check Pods Manifest.lock";
			outputFileListPaths = (
			);
			outputPaths = (
				"$(DERIVED_FILE_DIR)/Pods-Merk2-checkManifestLockResult.txt",
			);
			runOnlyForDeploymentPostprocessing = 0;
			shellPath = /bin/sh;
			shellScript = "diff \"${PODS_PODFILE_DIR_PATH}/Podfile.lock\" \"${PODS_ROOT}/Manifest.lock\" > /dev/null\nif [ $? != 0 ] ; then\n    # print error to STDERR\n    echo \"error: The sandbox is not in sync with the Podfile.lock. Run 'pod install' or update your CocoaPods installation.\" >&2\n    exit 1\nfi\n# This output is used by Xcode 'outputs' to avoid re-running this script phase.\necho \"SUCCESS\" > \"${SCRIPT_OUTPUT_FILE_0}\"\n";
			showEnvVarsInLog = 0;
		};
		F8AB2C9C095988895A76FE82 /* [CP] Embed Pods Frameworks */ = {
			isa = PBXShellScriptBuildPhase;
			buildActionMask = 2147483647;
			files = (
			);
			inputFileListPaths = (
				"${PODS_ROOT}/Target Support Files/Pods-Merk2/Pods-Merk2-frameworks-${CONFIGURATION}-input-files.xcfilelist",
			);
			name = "[CP] Embed Pods Frameworks";
			outputFileListPaths = (
				"${PODS_ROOT}/Target Support Files/Pods-Merk2/Pods-Merk2-frameworks-${CONFIGURATION}-output-files.xcfilelist",
			);
			runOnlyForDeploymentPostprocessing = 0;
			shellPath = /bin/sh;
			shellScript = "\"${PODS_ROOT}/Target Support Files/Pods-Merk2/Pods-Merk2-frameworks.sh\"\n";
			showEnvVarsInLog = 0;
		};
/* End PBXShellScriptBuildPhase section */

/* Begin PBXSourcesBuildPhase section */
		B8A49098270E090A0052AC61 /* Sources */ = {
			isa = PBXSourcesBuildPhase;
			buildActionMask = 2147483647;
			files = (
				567CE35D27502FCE004C1551 /* ShopProductsViewController.swift in Sources */,
				B8D682E1270E1305005E7630 /* LoginViewController.swift in Sources */,
				B8668D9E270FAE1500E3C9A8 /* HomeProductsRouter.swift in Sources */,
				B8D682EA270E277B005E7630 /* Models.swift in Sources */,
				B8668DA1270FAE1500E3C9A8 /* HomeProductsInteractor.swift in Sources */,
				56679F7B27457D0A00BCC32E /* DetailProductInteractor.swift in Sources */,
				B8D682E7270E1709005E7630 /* Services.swift in Sources */,
				566B34792715D0A7003609A1 /* DetailStoreViewController.swift in Sources */,
				B8D682E3270E1305005E7630 /* LoginInteractor.swift in Sources */,
				56679F7827457D0A00BCC32E /* DetailProductRouter.swift in Sources */,
				566B34782715D0A7003609A1 /* DetailStoreRouter.swift in Sources */,
				B8D682E2270E1305005E7630 /* LoginProtocols.swift in Sources */,
				566B34772715D0A7003609A1 /* DetailStorePresenter.swift in Sources */,
				B8D682D3270E1097005E7630 /* LaunchRouter.swift in Sources */,
				B824AB5127175BBA00258362 /* SearchProtocols.swift in Sources */,
				B8A490A0270E090A0052AC61 /* AppDelegate.swift in Sources */,
				B8D682DF270E1305005E7630 /* LoginPresenter.swift in Sources */,
				B824AB39271758D600258362 /* TabBarHome.swift in Sources */,
				566B347B2715D0A7003609A1 /* DetailStoreInteractor.swift in Sources */,
				B8D682D2270E1097005E7630 /* LaunchPresenter.swift in Sources */,
				568610CE27149A530018BFA1 /* products.swift in Sources */,
				B843A947270F3C7A00A08664 /* RegisterInteractor.swift in Sources */,
				566B347A2715D0A7003609A1 /* DetailStoreProtocols.swift in Sources */,
				56679F7727457D0A00BCC32E /* DetailProductPresenter.swift in Sources */,
				B843A943270F3C7A00A08664 /* RegisterPresenter.swift in Sources */,
				B824AB5027175BBA00258362 /* SearchViewController.swift in Sources */,
				B824AB5227175BBA00258362 /* SearchInteractor.swift in Sources */,
				567CE35E27502FCE004C1551 /* ShopProductsProtocols.swift in Sources */,
				B824AB422717590500258362 /* ProfileRouter.swift in Sources */,
				B8668DA0270FAE1500E3C9A8 /* HomeProductsProtocols.swift in Sources */,
				B8D682D6270E1097005E7630 /* LaunchInteractor.swift in Sources */,
				56679F7A27457D0A00BCC32E /* DetailProductProtocols.swift in Sources */,
				B824AB432717590500258362 /* ProfileViewController.swift in Sources */,
				B843A945270F3C7A00A08664 /* RegisterViewController.swift in Sources */,
				B843A944270F3C7A00A08664 /* RegisterRouter.swift in Sources */,
				B8668D9D270FAE1500E3C9A8 /* HomeProductsPresenter.swift in Sources */,
				567CE35B27502FCE004C1551 /* ShopProductsPresenter.swift in Sources */,
				B824AB412717590500258362 /* ProfilePresenter.swift in Sources */,
				567CE35F27502FCE004C1551 /* ShopProductsInteractor.swift in Sources */,
				567CE35C27502FCE004C1551 /* ShopProductsRouter.swift in Sources */,
				B8D682D5270E1097005E7630 /* LaunchProtocols.swift in Sources */,
				B8D682E0270E1305005E7630 /* LoginRouter.swift in Sources */,
				56679F7927457D0A00BCC32E /* DetailProductViewController.swift in Sources */,
				B8668D9F270FAE1500E3C9A8 /* HomeProductsViewController.swift in Sources */,
				B8D682D4270E1097005E7630 /* LaunchViewController.swift in Sources */,
				B843A946270F3C7A00A08664 /* RegisterProtocols.swift in Sources */,
				B824AB452717590500258362 /* ProfileInteractor.swift in Sources */,
				B824AB4E27175BBA00258362 /* SearchPresenter.swift in Sources */,
				B824AB4F27175BBA00258362 /* SearchRouter.swift in Sources */,
				B824AB442717590500258362 /* ProfileProtocols.swift in Sources */,
			);
			runOnlyForDeploymentPostprocessing = 0;
		};
/* End PBXSourcesBuildPhase section */

/* Begin PBXVariantGroup section */
		B8A490A5270E090A0052AC61 /* Main.storyboard */ = {
			isa = PBXVariantGroup;
			children = (
				B8A490A6270E090A0052AC61 /* Base */,
			);
			name = Main.storyboard;
			sourceTree = "<group>";
		};
		B8A490AA270E09110052AC61 /* LaunchScreen.storyboard */ = {
			isa = PBXVariantGroup;
			children = (
				B8A490AB270E09110052AC61 /* Base */,
			);
			name = LaunchScreen.storyboard;
			sourceTree = "<group>";
		};
/* End PBXVariantGroup section */

/* Begin XCBuildConfiguration section */
		B8A490AE270E09110052AC61 /* Debug */ = {
			isa = XCBuildConfiguration;
			buildSettings = {
				ALWAYS_SEARCH_USER_PATHS = NO;
				CLANG_ANALYZER_NONNULL = YES;
				CLANG_ANALYZER_NUMBER_OBJECT_CONVERSION = YES_AGGRESSIVE;
				CLANG_CXX_LANGUAGE_STANDARD = "gnu++17";
				CLANG_CXX_LIBRARY = "libc++";
				CLANG_ENABLE_MODULES = YES;
				CLANG_ENABLE_OBJC_ARC = YES;
				CLANG_ENABLE_OBJC_WEAK = YES;
				CLANG_WARN_BLOCK_CAPTURE_AUTORELEASING = YES;
				CLANG_WARN_BOOL_CONVERSION = YES;
				CLANG_WARN_COMMA = YES;
				CLANG_WARN_CONSTANT_CONVERSION = YES;
				CLANG_WARN_DEPRECATED_OBJC_IMPLEMENTATIONS = YES;
				CLANG_WARN_DIRECT_OBJC_ISA_USAGE = YES_ERROR;
				CLANG_WARN_DOCUMENTATION_COMMENTS = YES;
				CLANG_WARN_EMPTY_BODY = YES;
				CLANG_WARN_ENUM_CONVERSION = YES;
				CLANG_WARN_INFINITE_RECURSION = YES;
				CLANG_WARN_INT_CONVERSION = YES;
				CLANG_WARN_NON_LITERAL_NULL_CONVERSION = YES;
				CLANG_WARN_OBJC_IMPLICIT_RETAIN_SELF = YES;
				CLANG_WARN_OBJC_LITERAL_CONVERSION = YES;
				CLANG_WARN_OBJC_ROOT_CLASS = YES_ERROR;
				CLANG_WARN_QUOTED_INCLUDE_IN_FRAMEWORK_HEADER = YES;
				CLANG_WARN_RANGE_LOOP_ANALYSIS = YES;
				CLANG_WARN_STRICT_PROTOTYPES = YES;
				CLANG_WARN_SUSPICIOUS_MOVE = YES;
				CLANG_WARN_UNGUARDED_AVAILABILITY = YES_AGGRESSIVE;
				CLANG_WARN_UNREACHABLE_CODE = YES;
				CLANG_WARN__DUPLICATE_METHOD_MATCH = YES;
				COPY_PHASE_STRIP = NO;
				DEBUG_INFORMATION_FORMAT = dwarf;
				ENABLE_STRICT_OBJC_MSGSEND = YES;
				ENABLE_TESTABILITY = YES;
				GCC_C_LANGUAGE_STANDARD = gnu11;
				GCC_DYNAMIC_NO_PIC = NO;
				GCC_NO_COMMON_BLOCKS = YES;
				GCC_OPTIMIZATION_LEVEL = 0;
				GCC_PREPROCESSOR_DEFINITIONS = (
					"DEBUG=1",
					"$(inherited)",
				);
				GCC_WARN_64_TO_32_BIT_CONVERSION = YES;
				GCC_WARN_ABOUT_RETURN_TYPE = YES_ERROR;
				GCC_WARN_UNDECLARED_SELECTOR = YES;
				GCC_WARN_UNINITIALIZED_AUTOS = YES_AGGRESSIVE;
				GCC_WARN_UNUSED_FUNCTION = YES;
				GCC_WARN_UNUSED_VARIABLE = YES;
				IPHONEOS_DEPLOYMENT_TARGET = 15.0;
				MTL_ENABLE_DEBUG_INFO = INCLUDE_SOURCE;
				MTL_FAST_MATH = YES;
				ONLY_ACTIVE_ARCH = YES;
				SDKROOT = iphoneos;
				SWIFT_ACTIVE_COMPILATION_CONDITIONS = DEBUG;
				SWIFT_OPTIMIZATION_LEVEL = "-Onone";
			};
			name = Debug;
		};
		B8A490AF270E09110052AC61 /* Release */ = {
			isa = XCBuildConfiguration;
			buildSettings = {
				ALWAYS_SEARCH_USER_PATHS = NO;
				CLANG_ANALYZER_NONNULL = YES;
				CLANG_ANALYZER_NUMBER_OBJECT_CONVERSION = YES_AGGRESSIVE;
				CLANG_CXX_LANGUAGE_STANDARD = "gnu++17";
				CLANG_CXX_LIBRARY = "libc++";
				CLANG_ENABLE_MODULES = YES;
				CLANG_ENABLE_OBJC_ARC = YES;
				CLANG_ENABLE_OBJC_WEAK = YES;
				CLANG_WARN_BLOCK_CAPTURE_AUTORELEASING = YES;
				CLANG_WARN_BOOL_CONVERSION = YES;
				CLANG_WARN_COMMA = YES;
				CLANG_WARN_CONSTANT_CONVERSION = YES;
				CLANG_WARN_DEPRECATED_OBJC_IMPLEMENTATIONS = YES;
				CLANG_WARN_DIRECT_OBJC_ISA_USAGE = YES_ERROR;
				CLANG_WARN_DOCUMENTATION_COMMENTS = YES;
				CLANG_WARN_EMPTY_BODY = YES;
				CLANG_WARN_ENUM_CONVERSION = YES;
				CLANG_WARN_INFINITE_RECURSION = YES;
				CLANG_WARN_INT_CONVERSION = YES;
				CLANG_WARN_NON_LITERAL_NULL_CONVERSION = YES;
				CLANG_WARN_OBJC_IMPLICIT_RETAIN_SELF = YES;
				CLANG_WARN_OBJC_LITERAL_CONVERSION = YES;
				CLANG_WARN_OBJC_ROOT_CLASS = YES_ERROR;
				CLANG_WARN_QUOTED_INCLUDE_IN_FRAMEWORK_HEADER = YES;
				CLANG_WARN_RANGE_LOOP_ANALYSIS = YES;
				CLANG_WARN_STRICT_PROTOTYPES = YES;
				CLANG_WARN_SUSPICIOUS_MOVE = YES;
				CLANG_WARN_UNGUARDED_AVAILABILITY = YES_AGGRESSIVE;
				CLANG_WARN_UNREACHABLE_CODE = YES;
				CLANG_WARN__DUPLICATE_METHOD_MATCH = YES;
				COPY_PHASE_STRIP = NO;
				DEBUG_INFORMATION_FORMAT = "dwarf-with-dsym";
				ENABLE_NS_ASSERTIONS = NO;
				ENABLE_STRICT_OBJC_MSGSEND = YES;
				GCC_C_LANGUAGE_STANDARD = gnu11;
				GCC_NO_COMMON_BLOCKS = YES;
				GCC_WARN_64_TO_32_BIT_CONVERSION = YES;
				GCC_WARN_ABOUT_RETURN_TYPE = YES_ERROR;
				GCC_WARN_UNDECLARED_SELECTOR = YES;
				GCC_WARN_UNINITIALIZED_AUTOS = YES_AGGRESSIVE;
				GCC_WARN_UNUSED_FUNCTION = YES;
				GCC_WARN_UNUSED_VARIABLE = YES;
				IPHONEOS_DEPLOYMENT_TARGET = 15.0;
				MTL_ENABLE_DEBUG_INFO = NO;
				MTL_FAST_MATH = YES;
				SDKROOT = iphoneos;
				SWIFT_COMPILATION_MODE = wholemodule;
				SWIFT_OPTIMIZATION_LEVEL = "-O";
				VALIDATE_PRODUCT = YES;
			};
			name = Release;
		};
		B8A490B1270E09110052AC61 /* Debug */ = {
			isa = XCBuildConfiguration;
			baseConfigurationReference = ED6863EBDA3DE0F3F2A21D8F /* Pods-Merk2.debug.xcconfig */;
			buildSettings = {
				ASSETCATALOG_COMPILER_APPICON_NAME = AppIcon;
				ASSETCATALOG_COMPILER_GLOBAL_ACCENT_COLOR_NAME = AccentColor;
				CODE_SIGN_STYLE = Automatic;
				CURRENT_PROJECT_VERSION = 1;
				DEVELOPMENT_TEAM = H27YCU5AZR;
				GENERATE_INFOPLIST_FILE = YES;
				INFOPLIST_FILE = Merk2/Info.plist;
				INFOPLIST_KEY_NSLocationAlwaysUsageDescription = "Para poder localizar negocios cerca tuyo";
				INFOPLIST_KEY_NSLocationWhenInUseUsageDescription = "Para poder localizar negocios cerca tuyo";
				INFOPLIST_KEY_UIApplicationSupportsIndirectInputEvents = YES;
				INFOPLIST_KEY_UILaunchStoryboardName = LaunchScreen;
				INFOPLIST_KEY_UIMainStoryboardFile = Main;
				INFOPLIST_KEY_UISupportedInterfaceOrientations_iPad = "UIInterfaceOrientationPortrait UIInterfaceOrientationPortraitUpsideDown UIInterfaceOrientationLandscapeLeft UIInterfaceOrientationLandscapeRight";
				INFOPLIST_KEY_UISupportedInterfaceOrientations_iPhone = "UIInterfaceOrientationPortrait UIInterfaceOrientationLandscapeLeft UIInterfaceOrientationLandscapeRight";
				LD_RUNPATH_SEARCH_PATHS = (
					"$(inherited)",
					"@executable_path/Frameworks",
				);
				MARKETING_VERSION = 1.0;
				PRODUCT_BUNDLE_IDENTIFIER = com.zaptla.Merk2;
				PRODUCT_NAME = "$(TARGET_NAME)";
				SWIFT_EMIT_LOC_STRINGS = YES;
				SWIFT_VERSION = 5.0;
				TARGETED_DEVICE_FAMILY = "1,2";
			};
			name = Debug;
		};
		B8A490B2270E09110052AC61 /* Release */ = {
			isa = XCBuildConfiguration;
			baseConfigurationReference = 48C1F78A196022FA7E3B3DAC /* Pods-Merk2.release.xcconfig */;
			buildSettings = {
				ASSETCATALOG_COMPILER_APPICON_NAME = AppIcon;
				ASSETCATALOG_COMPILER_GLOBAL_ACCENT_COLOR_NAME = AccentColor;
				CODE_SIGN_STYLE = Automatic;
				CURRENT_PROJECT_VERSION = 1;
				DEVELOPMENT_TEAM = H27YCU5AZR;
				GENERATE_INFOPLIST_FILE = YES;
				INFOPLIST_FILE = Merk2/Info.plist;
				INFOPLIST_KEY_NSLocationAlwaysUsageDescription = "Para poder localizar negocios cerca tuyo";
				INFOPLIST_KEY_NSLocationWhenInUseUsageDescription = "Para poder localizar negocios cerca tuyo";
				INFOPLIST_KEY_UIApplicationSupportsIndirectInputEvents = YES;
				INFOPLIST_KEY_UILaunchStoryboardName = LaunchScreen;
				INFOPLIST_KEY_UIMainStoryboardFile = Main;
				INFOPLIST_KEY_UISupportedInterfaceOrientations_iPad = "UIInterfaceOrientationPortrait UIInterfaceOrientationPortraitUpsideDown UIInterfaceOrientationLandscapeLeft UIInterfaceOrientationLandscapeRight";
				INFOPLIST_KEY_UISupportedInterfaceOrientations_iPhone = "UIInterfaceOrientationPortrait UIInterfaceOrientationLandscapeLeft UIInterfaceOrientationLandscapeRight";
				LD_RUNPATH_SEARCH_PATHS = (
					"$(inherited)",
					"@executable_path/Frameworks",
				);
				MARKETING_VERSION = 1.0;
				PRODUCT_BUNDLE_IDENTIFIER = com.zaptla.Merk2;
				PRODUCT_NAME = "$(TARGET_NAME)";
				SWIFT_EMIT_LOC_STRINGS = YES;
				SWIFT_VERSION = 5.0;
				TARGETED_DEVICE_FAMILY = "1,2";
			};
			name = Release;
		};
/* End XCBuildConfiguration section */

/* Begin XCConfigurationList section */
		B8A49097270E09090052AC61 /* Build configuration list for PBXProject "Merk2" */ = {
			isa = XCConfigurationList;
			buildConfigurations = (
				B8A490AE270E09110052AC61 /* Debug */,
				B8A490AF270E09110052AC61 /* Release */,
			);
			defaultConfigurationIsVisible = 0;
			defaultConfigurationName = Release;
		};
		B8A490B0270E09110052AC61 /* Build configuration list for PBXNativeTarget "Merk2" */ = {
			isa = XCConfigurationList;
			buildConfigurations = (
				B8A490B1270E09110052AC61 /* Debug */,
				B8A490B2270E09110052AC61 /* Release */,
			);
			defaultConfigurationIsVisible = 0;
			defaultConfigurationName = Release;
		};
/* End XCConfigurationList section */
	};
	rootObject = B8A49094270E09090052AC61 /* Project object */;
}
